
Microsoft Visual Studio Solution File, Format Version 12.00
# Visual Studio 2012
Project("{FAE04EC0-301F-11D3-BF4B-00C04F79EFBC}") = "KibanaElasticApp", "src\KibanaElasticApp\KibanaElasticApp.csproj", "{AB606FE6-2E2F-45DE-89D4-4480D85B622B}"
EndProject
Project("{2150E333-8FDC-42A3-9474-1A3956D46DE8}") = "src", "src", "{1047C1AC-65C7-42FA-B557-284C46A19C84}"
EndProject
Global
	GlobalSection(SolutionConfigurationPlatforms) = preSolution
		Debug|Any CPU = Debug|Any CPU
		Release|Any CPU = Release|Any CPU
	EndGlobalSection
	GlobalSection(ProjectConfigurationPlatforms) = postSolution
		{AB606FE6-2E2F-45DE-89D4-4480D85B622B}.Debug|Any CPU.ActiveCfg = Debug|Any CPU
		{AB606FE6-2E2F-45DE-89D4-4480D85B622B}.Debug|Any CPU.Build.0 = Debug|Any CPU
		{AB606FE6-2E2F-45DE-89D4-4480D85B622B}.Release|Any CPU.ActiveCfg = Release|Any CPU
		{AB606FE6-2E2F-45DE-89D4-4480D85B622B}.Release|Any CPU.Build.0 = Release|Any CPU
	EndGlobalSection
	GlobalSection(NestedProjects) = preSolution
		{AB606FE6-2E2F-45DE-89D4-4480D85B622B} = {1047C1AC-65C7-42FA-B557-284C46A19C84}
	EndGlobalSection
EndGlobal
